
Microsoft Visual Studio Solution File, Format Version 12.00
# Visual Studio Version 17
VisualStudioVersion = 17.5.002.0
MinimumVisualStudioVersion = 10.0.40219.1
Project("{9A19103F-16F7-4668-BE54-9A1E7A4F7556}") = "Chat", "Chat.csproj", "{14CDCBD9-F73E-4E08-B04F-FF3E9CE3EDCA}"
EndProject
Global
	GlobalSection(SolutionConfigurationPlatforms) = preSolution
		Debug|Any CPU = Debug|Any CPU
		Release|Any CPU = Release|Any CPU
	EndGlobalSection
	GlobalSection(ProjectConfigurationPlatforms) = postSolution
		{14CDCBD9-F73E-4E08-B04F-FF3E9CE3EDCA}.Debug|Any CPU.ActiveCfg = Debug|Any CPU
		{14CDCBD9-F73E-4E08-B04F-FF3E9CE3EDCA}.Debug|Any CPU.Build.0 = Debug|Any CPU
		{14CDCBD9-F73E-4E08-B04F-FF3E9CE3EDCA}.Release|Any CPU.ActiveCfg = Release|Any CPU
		{14CDCBD9-F73E-4E08-B04F-FF3E9CE3EDCA}.Release|Any CPU.Build.0 = Release|Any CPU
	EndGlobalSection
	GlobalSection(SolutionProperties) = preSolution
		HideSolutionNode = FALSE
	EndGlobalSection
	GlobalSection(ExtensibilityGlobals) = postSolution
		SolutionGuid = {56596ED8-E49E-4904-B9A4-16C5A8773C51}
	EndGlobalSection
EndGlobal
